
Microsoft Visual Studio Solution File, Format Version 12.00
# Visual Studio Version 17
VisualStudioVersion = 17.14.36623.8
MinimumVisualStudioVersion = 10.0.40219.1
Project("{FAE04EC0-301F-11D3-BF4B-00C04F79EFBC}") = "01_Form_Giris", "01_Form_Giris\01_Form_Giris.csproj", "{0C8CD04B-2287-4AC8-B00A-DC361E7B0B30}"
EndProject
Project("{FAE04EC0-301F-11D3-BF4B-00C04F79EFBC}") = "02_Ogrenci_Bilgi_Sistemi", "02_Ogrenci_Bilgi_Sistemi\02_Ogrenci_Bilgi_Sistemi.csproj", "{0FC2CDFD-169F-405F-823C-5BC24D73154F}"
EndProject
Project("{FAE04EC0-301F-11D3-BF4B-00C04F79EFBC}") = "03_ATM_Otomasyon", "03_ATM_Otomasyon\03_ATM_Otomasyon.csproj", "{14CAC5B4-2CC5-4E25-AE0A-FA57A1974FDD}"
EndProject
Project("{FAE04EC0-301F-11D3-BF4B-00C04F79EFBC}") = "04_Hesap_Makinesi", "04_Hesap_Makinesi\04_Hesap_Makinesi.csproj", "{C67A3E1B-F0C8-458F-AE5C-147EB88DD379}"
EndProject
Project("{FAE04EC0-301F-11D3-BF4B-00C04F79EFBC}") = "05_Form_Tools", "05_Form_Tools\05_Form_Tools.csproj", "{231E3176-3FC2-4E55-8D8B-388B7739E9D3}"
EndProject
Project("{FAE04EC0-301F-11D3-BF4B-00C04F79EFBC}") = "06_Form_Odev", "06_Form_Odev\06_Form_Odev.csproj", "{1AEAE00C-4AEE-4420-8469-36EE3BEF0598}"
EndProject
Project("{FAE04EC0-301F-11D3-BF4B-00C04F79EFBC}") = "07_Sekmeli_Stok_Yonetimi", "07_Sekmeli_Stok_Yonetimi\07_Sekmeli_Stok_Yonetimi.csproj", "{CBDC2690-7737-4F1C-A17E-5AE2CD816FB4}"
EndProject
Project("{FAE04EC0-301F-11D3-BF4B-00C04F79EFBC}") = "08_MavanOtomasyon", "08_MavanOtomasyon\08_MavanOtomasyon.csproj", "{E5C77A69-86F4-457C-890E-118A484689F4}"
EndProject
Project("{FAE04EC0-301F-11D3-BF4B-00C04F79EFBC}") = "09_Manav_Otomasyon_AI", "09_Manav_Otomasyon_AI\09_Manav_Otomasyon_AI.csproj", "{271185B8-E8C1-4EDC-A533-80CA1E98B1CF}"
EndProject
Project("{FAE04EC0-301F-11D3-BF4B-00C04F79EFBC}") = "10_manav_otomasyonDB", "10_manav_otomasyonDB\10_manav_otomasyonDB.csproj", "{A3CC6785-08DA-4550-A41F-7AF3D83EFBFD}"
EndProject
Project("{FAE04EC0-301F-11D3-BF4B-00C04F79EFBC}") = "11_manav_otomasyonEF", "11_manav_otomasyonEF\11_manav_otomasyonEF.csproj", "{0767E5FF-6F45-4F4C-B1BE-BD7922022ABE}"
EndProject
Project("{FAE04EC0-301F-11D3-BF4B-00C04F79EFBC}") = "12_RentACar", "12_RentACar\12_RentACar.csproj", "{56E37B06-0B3F-4FAF-8F62-AE1CD0285C9B}"
EndProject
Global
	GlobalSection(SolutionConfigurationPlatforms) = preSolution
		Debug|Any CPU = Debug|Any CPU
		Release|Any CPU = Release|Any CPU
	EndGlobalSection
	GlobalSection(ProjectConfigurationPlatforms) = postSolution
		{0C8CD04B-2287-4AC8-B00A-DC361E7B0B30}.Debug|Any CPU.ActiveCfg = Debug|Any CPU
		{0C8CD04B-2287-4AC8-B00A-DC361E7B0B30}.Debug|Any CPU.Build.0 = Debug|Any CPU
		{0C8CD04B-2287-4AC8-B00A-DC361E7B0B30}.Release|Any CPU.ActiveCfg = Release|Any CPU
		{0C8CD04B-2287-4AC8-B00A-DC361E7B0B30}.Release|Any CPU.Build.0 = Release|Any CPU
		{0FC2CDFD-169F-405F-823C-5BC24D73154F}.Debug|Any CPU.ActiveCfg = Debug|Any CPU
		{0FC2CDFD-169F-405F-823C-5BC24D73154F}.Debug|Any CPU.Build.0 = Debug|Any CPU
		{0FC2CDFD-169F-405F-823C-5BC24D73154F}.Release|Any CPU.ActiveCfg = Release|Any CPU
		{0FC2CDFD-169F-405F-823C-5BC24D73154F}.Release|Any CPU.Build.0 = Release|Any CPU
		{14CAC5B4-2CC5-4E25-AE0A-FA57A1974FDD}.Debug|Any CPU.ActiveCfg = Debug|Any CPU
		{14CAC5B4-2CC5-4E25-AE0A-FA57A1974FDD}.Debug|Any CPU.Build.0 = Debug|Any CPU
		{14CAC5B4-2CC5-4E25-AE0A-FA57A1974FDD}.Release|Any CPU.ActiveCfg = Release|Any CPU
		{14CAC5B4-2CC5-4E25-AE0A-FA57A1974FDD}.Release|Any CPU.Build.0 = Release|Any CPU
		{C67A3E1B-F0C8-458F-AE5C-147EB88DD379}.Debug|Any CPU.ActiveCfg = Debug|Any CPU
		{C67A3E1B-F0C8-458F-AE5C-147EB88DD379}.Debug|Any CPU.Build.0 = Debug|Any CPU
		{C67A3E1B-F0C8-458F-AE5C-147EB88DD379}.Release|Any CPU.ActiveCfg = Release|Any CPU
		{C67A3E1B-F0C8-458F-AE5C-147EB88DD379}.Release|Any CPU.Build.0 = Release|Any CPU
		{231E3176-3FC2-4E55-8D8B-388B7739E9D3}.Debug|Any CPU.ActiveCfg = Debug|Any CPU
		{231E3176-3FC2-4E55-8D8B-388B7739E9D3}.Debug|Any CPU.Build.0 = Debug|Any CPU
		{231E3176-3FC2-4E55-8D8B-388B7739E9D3}.Release|Any CPU.ActiveCfg = Release|Any CPU
		{231E3176-3FC2-4E55-8D8B-388B7739E9D3}.Release|Any CPU.Build.0 = Release|Any CPU
		{1AEAE00C-4AEE-4420-8469-36EE3BEF0598}.Debug|Any CPU.ActiveCfg = Debug|Any CPU
		{1AEAE00C-4AEE-4420-8469-36EE3BEF0598}.Debug|Any CPU.Build.0 = Debug|Any CPU
		{1AEAE00C-4AEE-4420-8469-36EE3BEF0598}.Release|Any CPU.ActiveCfg = Release|Any CPU
		{1AEAE00C-4AEE-4420-8469-36EE3BEF0598}.Release|Any CPU.Build.0 = Release|Any CPU
		{CBDC2690-7737-4F1C-A17E-5AE2CD816FB4}.Debug|Any CPU.ActiveCfg = Debug|Any CPU
		{CBDC2690-7737-4F1C-A17E-5AE2CD816FB4}.Debug|Any CPU.Build.0 = Debug|Any CPU
		{CBDC2690-7737-4F1C-A17E-5AE2CD816FB4}.Release|Any CPU.ActiveCfg = Release|Any CPU
		{CBDC2690-7737-4F1C-A17E-5AE2CD816FB4}.Release|Any CPU.Build.0 = Release|Any CPU
		{E5C77A69-86F4-457C-890E-118A484689F4}.Debug|Any CPU.ActiveCfg = Debug|Any CPU
		{E5C77A69-86F4-457C-890E-118A484689F4}.Debug|Any CPU.Build.0 = Debug|Any CPU
		{E5C77A69-86F4-457C-890E-118A484689F4}.Release|Any CPU.ActiveCfg = Release|Any CPU
		{E5C77A69-86F4-457C-890E-118A484689F4}.Release|Any CPU.Build.0 = Release|Any CPU
		{271185B8-E8C1-4EDC-A533-80CA1E98B1CF}.Debug|Any CPU.ActiveCfg = Debug|Any CPU
		{271185B8-E8C1-4EDC-A533-80CA1E98B1CF}.Debug|Any CPU.Build.0 = Debug|Any CPU
		{271185B8-E8C1-4EDC-A533-80CA1E98B1CF}.Release|Any CPU.ActiveCfg = Release|Any CPU
		{271185B8-E8C1-4EDC-A533-80CA1E98B1CF}.Release|Any CPU.Build.0 = Release|Any CPU
		{A3CC6785-08DA-4550-A41F-7AF3D83EFBFD}.Debug|Any CPU.ActiveCfg = Debug|Any CPU
		{A3CC6785-08DA-4550-A41F-7AF3D83EFBFD}.Debug|Any CPU.Build.0 = Debug|Any CPU
		{A3CC6785-08DA-4550-A41F-7AF3D83EFBFD}.Release|Any CPU.ActiveCfg = Release|Any CPU
		{A3CC6785-08DA-4550-A41F-7AF3D83EFBFD}.Release|Any CPU.Build.0 = Release|Any CPU
		{0767E5FF-6F45-4F4C-B1BE-BD7922022ABE}.Debug|Any CPU.ActiveCfg = Debug|Any CPU
		{0767E5FF-6F45-4F4C-B1BE-BD7922022ABE}.Debug|Any CPU.Build.0 = Debug|Any CPU
		{0767E5FF-6F45-4F4C-B1BE-BD7922022ABE}.Release|Any CPU.ActiveCfg = Release|Any CPU
		{0767E5FF-6F45-4F4C-B1BE-BD7922022ABE}.Release|Any CPU.Build.0 = Release|Any CPU
		{56E37B06-0B3F-4FAF-8F62-AE1CD0285C9B}.Debug|Any CPU.ActiveCfg = Debug|Any CPU
		{56E37B06-0B3F-4FAF-8F62-AE1CD0285C9B}.Debug|Any CPU.Build.0 = Debug|Any CPU
		{56E37B06-0B3F-4FAF-8F62-AE1CD0285C9B}.Release|Any CPU.ActiveCfg = Release|Any CPU
		{56E37B06-0B3F-4FAF-8F62-AE1CD0285C9B}.Release|Any CPU.Build.0 = Release|Any CPU
	EndGlobalSection
	GlobalSection(SolutionProperties) = preSolution
		HideSolutionNode = FALSE
	EndGlobalSection
	GlobalSection(ExtensibilityGlobals) = postSolution
		SolutionGuid = {C76D9D6B-183D-4E68-9AA2-A1968DBF9F21}
	EndGlobalSection
EndGlobal
